// !$*UTF8*$!
{
	archiveVersion = 1;
	classes = {
	};
	objectVersion = 55;
	objects = {

/* Begin PBXBuildFile section */
		563F3387276E4D3B0032C8AE /* Stop.swift in Sources */ = {isa = PBXBuildFile; fileRef = 563F3386276E4D3B0032C8AE /* Stop.swift */; };
		56E95772276E3B7A001CFB4A /* AppDelegate.swift in Sources */ = {isa = PBXBuildFile; fileRef = 56E95771276E3B7A001CFB4A /* AppDelegate.swift */; };
		56E95774276E3B7A001CFB4A /* SceneDelegate.swift in Sources */ = {isa = PBXBuildFile; fileRef = 56E95773276E3B7A001CFB4A /* SceneDelegate.swift */; };
		56E95776276E3B7A001CFB4A /* ViewController.swift in Sources */ = {isa = PBXBuildFile; fileRef = 56E95775276E3B7A001CFB4A /* ViewController.swift */; };
		56E95779276E3B7A001CFB4A /* Main.storyboard in Resources */ = {isa = PBXBuildFile; fileRef = 56E95777276E3B7A001CFB4A /* Main.storyboard */; };
		56E9577B276E3B7C001CFB4A /* Assets.xcassets in Resources */ = {isa = PBXBuildFile; fileRef = 56E9577A276E3B7C001CFB4A /* Assets.xcassets */; };
		56E9577E276E3B7C001CFB4A /* LaunchScreen.storyboard in Resources */ = {isa = PBXBuildFile; fileRef = 56E9577C276E3B7C001CFB4A /* LaunchScreen.storyboard */; };
		56E95789276E3B7C001CFB4A /* RouteTaskTests.swift in Sources */ = {isa = PBXBuildFile; fileRef = 56E95788276E3B7C001CFB4A /* RouteTaskTests.swift */; };
		56E95793276E3B7C001CFB4A /* RouteTaskUITests.swift in Sources */ = {isa = PBXBuildFile; fileRef = 56E95792276E3B7C001CFB4A /* RouteTaskUITests.swift */; };
		56E95795276E3B7C001CFB4A /* RouteTaskUITestsLaunchTests.swift in Sources */ = {isa = PBXBuildFile; fileRef = 56E95794276E3B7C001CFB4A /* RouteTaskUITestsLaunchTests.swift */; };
/* End PBXBuildFile section */

/* Begin PBXContainerItemProxy section */
		56E95785276E3B7C001CFB4A /* PBXContainerItemProxy */ = {
			isa = PBXContainerItemProxy;
			containerPortal = 56E95766276E3B7A001CFB4A /* Project object */;
			proxyType = 1;
			remoteGlobalIDString = 56E9576D276E3B7A001CFB4A;
			remoteInfo = RouteTask;
		};
		56E9578F276E3B7C001CFB4A /* PBXContainerItemProxy */ = {
			isa = PBXContainerItemProxy;
			containerPortal = 56E95766276E3B7A001CFB4A /* Project object */;
			proxyType = 1;
			remoteGlobalIDString = 56E9576D276E3B7A001CFB4A;
			remoteInfo = RouteTask;
		};
/* End PBXContainerItemProxy section */

/* Begin PBXFileReference section */
		563F3386276E4D3B0032C8AE /* Stop.swift */ = {isa = PBXFileReference; lastKnownFileType = sourcecode.swift; path = Stop.swift; sourceTree = SOURCE_ROOT; };
		56E9576E276E3B7A001CFB4A /* RouteTask.app */ = {isa = PBXFileReference; explicitFileType = wrapper.application; includeInIndex = 0; path = RouteTask.app; sourceTree = BUILT_PRODUCTS_DIR; };
		56E95771276E3B7A001CFB4A /* AppDelegate.swift */ = {isa = PBXFileReference; lastKnownFileType = sourcecode.swift; path = AppDelegate.swift; sourceTree = "<group>"; };
		56E95773276E3B7A001CFB4A /* SceneDelegate.swift */ = {isa = PBXFileReference; lastKnownFileType = sourcecode.swift; path = SceneDelegate.swift; sourceTree = "<group>"; };
		56E95775276E3B7A001CFB4A /* ViewController.swift */ = {isa = PBXFileReference; lastKnownFileType = sourcecode.swift; path = ViewController.swift; sourceTree = "<group>"; };
		56E95778276E3B7A001CFB4A /* Base */ = {isa = PBXFileReference; lastKnownFileType = file.storyboard; name = Base; path = Base.lproj/Main.storyboard; sourceTree = "<group>"; };
		56E9577A276E3B7C001CFB4A /* Assets.xcassets */ = {isa = PBXFileReference; lastKnownFileType = folder.assetcatalog; path = Assets.xcassets; sourceTree = "<group>"; };
		56E9577D276E3B7C001CFB4A /* Base */ = {isa = PBXFileReference; lastKnownFileType = file.storyboard; name = Base; path = Base.lproj/LaunchScreen.storyboard; sourceTree = "<group>"; };
		56E9577F276E3B7C001CFB4A /* Info.plist */ = {isa = PBXFileReference; lastKnownFileType = text.plist.xml; path = Info.plist; sourceTree = "<group>"; };
		56E95784276E3B7C001CFB4A /* RouteTaskTests.xctest */ = {isa = PBXFileReference; explicitFileType = wrapper.cfbundle; includeInIndex = 0; path = RouteTaskTests.xctest; sourceTree = BUILT_PRODUCTS_DIR; };
		56E95788276E3B7C001CFB4A /* RouteTaskTests.swift */ = {isa = PBXFileReference; lastKnownFileType = sourcecode.swift; path = RouteTaskTests.swift; sourceTree = "<group>"; };
		56E9578E276E3B7C001CFB4A /* RouteTaskUITests.xctest */ = {isa = PBXFileReference; explicitFileType = wrapper.cfbundle; includeInIndex = 0; path = RouteTaskUITests.xctest; sourceTree = BUILT_PRODUCTS_DIR; };
		56E95792276E3B7C001CFB4A /* RouteTaskUITests.swift */ = {isa = PBXFileReference; lastKnownFileType = sourcecode.swift; path = RouteTaskUITests.swift; sourceTree = "<group>"; };
		56E95794276E3B7C001CFB4A /* RouteTaskUITestsLaunchTests.swift */ = {isa = PBXFileReference; lastKnownFileType = sourcecode.swift; path = RouteTaskUITestsLaunchTests.swift; sourceTree = "<group>"; };
/* End PBXFileReference section */

/* Begin PBXFrameworksBuildPhase section */
		56E9576B276E3B7A001CFB4A /* Frameworks */ = {
			isa = PBXFrameworksBuildPhase;
			buildActionMask = 2147483647;
			files = (
			);
			runOnlyForDeploymentPostprocessing = 0;
		};
		56E95781276E3B7C001CFB4A /* Frameworks */ = {
			isa = PBXFrameworksBuildPhase;
			buildActionMask = 2147483647;
			files = (
			);
			runOnlyForDeploymentPostprocessing = 0;
		};
		56E9578B276E3B7C001CFB4A /* Frameworks */ = {
			isa = PBXFrameworksBuildPhase;
			buildActionMask = 2147483647;
			files = (
			);
			runOnlyForDeploymentPostprocessing = 0;
		};
/* End PBXFrameworksBuildPhase section */

/* Begin PBXGroup section */
		56E95765276E3B7A001CFB4A = {
			isa = PBXGroup;
			children = (
				56E95770276E3B7A001CFB4A /* RouteTask */,
				56E95787276E3B7C001CFB4A /* RouteTaskTests */,
				56E95791276E3B7C001CFB4A /* RouteTaskUITests */,
				56E9576F276E3B7A001CFB4A /* Products */,
			);
			sourceTree = "<group>";
		};
		56E9576F276E3B7A001CFB4A /* Products */ = {
			isa = PBXGroup;
			children = (
				56E9576E276E3B7A001CFB4A /* RouteTask.app */,
				56E95784276E3B7C001CFB4A /* RouteTaskTests.xctest */,
				56E9578E276E3B7C001CFB4A /* RouteTaskUITests.xctest */,
			);
			name = Products;
			sourceTree = "<group>";
		};
		56E95770276E3B7A001CFB4A /* RouteTask */ = {
			isa = PBXGroup;
			children = (
				56E95771276E3B7A001CFB4A /* AppDelegate.swift */,
				56E95773276E3B7A001CFB4A /* SceneDelegate.swift */,
				56E95775276E3B7A001CFB4A /* ViewController.swift */,
				56E95777276E3B7A001CFB4A /* Main.storyboard */,
				56E9577A276E3B7C001CFB4A /* Assets.xcassets */,
				56E9577C276E3B7C001CFB4A /* LaunchScreen.storyboard */,
				56E9577F276E3B7C001CFB4A /* Info.plist */,
				563F3386276E4D3B0032C8AE /* Stop.swift */,
			);
			path = RouteTask;
			sourceTree = "<group>";
		};
		56E95787276E3B7C001CFB4A /* RouteTaskTests */ = {
			isa = PBXGroup;
			children = (
				56E95788276E3B7C001CFB4A /* RouteTaskTests.swift */,
			);
			path = RouteTaskTests;
			sourceTree = "<group>";
		};
		56E95791276E3B7C001CFB4A /* RouteTaskUITests */ = {
			isa = PBXGroup;
			children = (
				56E95792276E3B7C001CFB4A /* RouteTaskUITests.swift */,
				56E95794276E3B7C001CFB4A /* RouteTaskUITestsLaunchTests.swift */,
			);
			path = RouteTaskUITests;
			sourceTree = "<group>";
		};
/* End PBXGroup section */

/* Begin PBXNativeTarget section */
		56E9576D276E3B7A001CFB4A /* RouteTask */ = {
			isa = PBXNativeTarget;
			buildConfigurationList = 56E95798276E3B7C001CFB4A /* Build configuration list for PBXNativeTarget "RouteTask" */;
			buildPhases = (
				56E9576A276E3B7A001CFB4A /* Sources */,
				56E9576B276E3B7A001CFB4A /* Frameworks */,
				56E9576C276E3B7A001CFB4A /* Resources */,
			);
			buildRules = (
			);
			dependencies = (
			);
			name = RouteTask;
			productName = RouteTask;
			productReference = 56E9576E276E3B7A001CFB4A /* RouteTask.app */;
			productType = "com.apple.product-type.application";
		};
		56E95783276E3B7C001CFB4A /* RouteTaskTests */ = {
			isa = PBXNativeTarget;
			buildConfigurationList = 56E9579B276E3B7C001CFB4A /* Build configuration list for PBXNativeTarget "RouteTaskTests" */;
			buildPhases = (
				56E95780276E3B7C001CFB4A /* Sources */,
				56E95781276E3B7C001CFB4A /* Frameworks */,
				56E95782276E3B7C001CFB4A /* Resources */,
			);
			buildRules = (
			);
			dependencies = (
				56E95786276E3B7C001CFB4A /* PBXTargetDependency */,
			);
			name = RouteTaskTests;
			productName = RouteTaskTests;
			productReference = 56E95784276E3B7C001CFB4A /* RouteTaskTests.xctest */;
			productType = "com.apple.product-type.bundle.unit-test";
		};
		56E9578D276E3B7C001CFB4A /* RouteTaskUITests */ = {
			isa = PBXNativeTarget;
			buildConfigurationList = 56E9579E276E3B7C001CFB4A /* Build configuration list for PBXNativeTarget "RouteTaskUITests" */;
			buildPhases = (
				56E9578A276E3B7C001CFB4A /* Sources */,
				56E9578B276E3B7C001CFB4A /* Frameworks */,
				56E9578C276E3B7C001CFB4A /* Resources */,
			);
			buildRules = (
			);
			dependencies = (
				56E95790276E3B7C001CFB4A /* PBXTargetDependency */,
			);
			name = RouteTaskUITests;
			productName = RouteTaskUITests;
			productReference = 56E9578E276E3B7C001CFB4A /* RouteTaskUITests.xctest */;
			productType = "com.apple.product-type.bundle.ui-testing";
		};
/* End PBXNativeTarget section */

/* Begin PBXProject section */
		56E95766276E3B7A001CFB4A /* Project object */ = {
			isa = PBXProject;
			attributes = {
				BuildIndependentTargetsInParallel = 1;
				LastSwiftUpdateCheck = 1320;
				LastUpgradeCheck = 1320;
				TargetAttributes = {
					56E9576D276E3B7A001CFB4A = {
						CreatedOnToolsVersion = 13.2.1;
					};
					56E95783276E3B7C001CFB4A = {
						CreatedOnToolsVersion = 13.2.1;
						TestTargetID = 56E9576D276E3B7A001CFB4A;
					};
					56E9578D276E3B7C001CFB4A = {
						CreatedOnToolsVersion = 13.2.1;
						TestTargetID = 56E9576D276E3B7A001CFB4A;
					};
				};
			};
			buildConfigurationList = 56E95769276E3B7A001CFB4A /* Build configuration list for PBXProject "RouteTask" */;
			compatibilityVersion = "Xcode 13.0";
			developmentRegion = en;
			hasScannedForEncodings = 0;
			knownRegions = (
				en,
				Base,
			);
			mainGroup = 56E95765276E3B7A001CFB4A;
			productRefGroup = 56E9576F276E3B7A001CFB4A /* Products */;
			projectDirPath = "";
			projectRoot = "";
			targets = (
				56E9576D276E3B7A001CFB4A /* RouteTask */,
				56E95783276E3B7C001CFB4A /* RouteTaskTests */,
				56E9578D276E3B7C001CFB4A /* RouteTaskUITests */,
			);
		};
/* End PBXProject section */

/* Begin PBXResourcesBuildPhase section */
		56E9576C276E3B7A001CFB4A /* Resources */ = {
			isa = PBXResourcesBuildPhase;
			buildActionMask = 2147483647;
			files = (
				56E9577E276E3B7C001CFB4A /* LaunchScreen.storyboard in Resources */,
				56E9577B276E3B7C001CFB4A /* Assets.xcassets in Resources */,
				56E95779276E3B7A001CFB4A /* Main.storyboard in Resources */,
			);
			runOnlyForDeploymentPostprocessing = 0;
		};
		56E95782276E3B7C001CFB4A /* Resources */ = {
			isa = PBXResourcesBuildPhase;
			buildActionMask = 2147483647;
			files = (
			);
			runOnlyForDeploymentPostprocessing = 0;
		};
		56E9578C276E3B7C001CFB4A /* Resources */ = {
			isa = PBXResourcesBuildPhase;
			buildActionMask = 2147483647;
			files = (
			);
			runOnlyForDeploymentPostprocessing = 0;
		};
/* End PBXResourcesBuildPhase section */

/* Begin PBXSourcesBuildPhase section */
		56E9576A276E3B7A001CFB4A /* Sources */ = {
			isa = PBXSourcesBuildPhase;
			buildActionMask = 2147483647;
			files = (
				56E95776276E3B7A001CFB4A /* ViewController.swift in Sources */,
				56E95772276E3B7A001CFB4A /* AppDelegate.swift in Sources */,
				56E95774276E3B7A001CFB4A /* SceneDelegate.swift in Sources */,
				563F3387276E4D3B0032C8AE /* Stop.swift in Sources */,
			);
			runOnlyForDeploymentPostprocessing = 0;
		};
		56E95780276E3B7C001CFB4A /* Sources */ = {
			isa = PBXSourcesBuildPhase;
			buildActionMask = 2147483647;
			files = (
				56E95789276E3B7C001CFB4A /* RouteTaskTests.swift in Sources */,
			);
			runOnlyForDeploymentPostprocessing = 0;
		};
		56E9578A276E3B7C001CFB4A /* Sources */ = {
			isa = PBXSourcesBuildPhase;
			buildActionMask = 2147483647;
			files = (
				56E95793276E3B7C001CFB4A /* RouteTaskUITests.swift in Sources */,
				56E95795276E3B7C001CFB4A /* RouteTaskUITestsLaunchTests.swift in Sources */,
			);
			runOnlyForDeploymentPostprocessing = 0;
		};
/* End PBXSourcesBuildPhase section */

/* Begin PBXTargetDependency section */
		56E95786276E3B7C001CFB4A /* PBXTargetDependency */ = {
			isa = PBXTargetDependency;
			target = 56E9576D276E3B7A001CFB4A /* RouteTask */;
			targetProxy = 56E95785276E3B7C001CFB4A /* PBXContainerItemProxy */;
		};
		56E95790276E3B7C001CFB4A /* PBXTargetDependency */ = {
			isa = PBXTargetDependency;
			target = 56E9576D276E3B7A001CFB4A /* RouteTask */;
			targetProxy = 56E9578F276E3B7C001CFB4A /* PBXContainerItemProxy */;
		};
/* End PBXTargetDependency section */

/* Begin PBXVariantGroup section */
		56E95777276E3B7A001CFB4A /* Main.storyboard */ = {
			isa = PBXVariantGroup;
			children = (
				56E95778276E3B7A001CFB4A /* Base */,
			);
			name = Main.storyboard;
			sourceTree = "<group>";
		};
		56E9577C276E3B7C001CFB4A /* LaunchScreen.storyboard */ = {
			isa = PBXVariantGroup;
			children = (
				56E9577D276E3B7C001CFB4A /* Base */,
			);
			name = LaunchScreen.storyboard;
			sourceTree = "<group>";
		};
/* End PBXVariantGroup section */

/* Begin XCBuildConfiguration section */
		56E95796276E3B7C001CFB4A /* Debug */ = {
			isa = XCBuildConfiguration;
			buildSettings = {
				ALWAYS_SEARCH_USER_PATHS = NO;
				CLANG_ANALYZER_NONNULL = YES;
				CLANG_ANALYZER_NUMBER_OBJECT_CONVERSION = YES_AGGRESSIVE;
				CLANG_CXX_LANGUAGE_STANDARD = "gnu++17";
				CLANG_CXX_LIBRARY = "libc++";
				CLANG_ENABLE_MODULES = YES;
				CLANG_ENABLE_OBJC_ARC = YES;
				CLANG_ENABLE_OBJC_WEAK = YES;
				CLANG_WARN_BLOCK_CAPTURE_AUTORELEASING = YES;
				CLANG_WARN_BOOL_CONVERSION = YES;
				CLANG_WARN_COMMA = YES;
				CLANG_WARN_CONSTANT_CONVERSION = YES;
				CLANG_WARN_DEPRECATED_OBJC_IMPLEMENTATIONS = YES;
				CLANG_WARN_DIRECT_OBJC_ISA_USAGE = YES_ERROR;
				CLANG_WARN_DOCUMENTATION_COMMENTS = YES;
				CLANG_WARN_EMPTY_BODY = YES;
				CLANG_WARN_ENUM_CONVERSION = YES;
				CLANG_WARN_INFINITE_RECURSION = YES;
				CLANG_WARN_INT_CONVERSION = YES;
				CLANG_WARN_NON_LITERAL_NULL_CONVERSION = YES;
				CLANG_WARN_OBJC_IMPLICIT_RETAIN_SELF = YES;
				CLANG_WARN_OBJC_LITERAL_CONVERSION = YES;
				CLANG_WARN_OBJC_ROOT_CLASS = YES_ERROR;
				CLANG_WARN_QUOTED_INCLUDE_IN_FRAMEWORK_HEADER = YES;
				CLANG_WARN_RANGE_LOOP_ANALYSIS = YES;
				CLANG_WARN_STRICT_PROTOTYPES = YES;
				CLANG_WARN_SUSPICIOUS_MOVE = YES;
				CLANG_WARN_UNGUARDED_AVAILABILITY = YES_AGGRESSIVE;
				CLANG_WARN_UNREACHABLE_CODE = YES;
				CLANG_WARN__DUPLICATE_METHOD_MATCH = YES;
				COPY_PHASE_STRIP = NO;
				DEBUG_INFORMATION_FORMAT = dwarf;
				ENABLE_STRICT_OBJC_MSGSEND = YES;
				ENABLE_TESTABILITY = YES;
				GCC_C_LANGUAGE_STANDARD = gnu11;
				GCC_DYNAMIC_NO_PIC = NO;
				GCC_NO_COMMON_BLOCKS = YES;
				GCC_OPTIMIZATION_LEVEL = 0;
				GCC_PREPROCESSOR_DEFINITIONS = (
					"DEBUG=1",
					"$(inherited)",
				);
				GCC_WARN_64_TO_32_BIT_CONVERSION = YES;
				GCC_WARN_ABOUT_RETURN_TYPE = YES_ERROR;
				GCC_WARN_UNDECLARED_SELECTOR = YES;
				GCC_WARN_UNINITIALIZED_AUTOS = YES_AGGRESSIVE;
				GCC_WARN_UNUSED_FUNCTION = YES;
				GCC_WARN_UNUSED_VARIABLE = YES;
				IPHONEOS_DEPLOYMENT_TARGET = 15.2;
				MTL_ENABLE_DEBUG_INFO = INCLUDE_SOURCE;
				MTL_FAST_MATH = YES;
				ONLY_ACTIVE_ARCH = YES;
				SDKROOT = iphoneos;
				SWIFT_ACTIVE_COMPILATION_CONDITIONS = DEBUG;
				SWIFT_OPTIMIZATION_LEVEL = "-Onone";
			};
			name = Debug;
		};
		56E95797276E3B7C001CFB4A /* Release */ = {
			isa = XCBuildConfiguration;
			buildSettings = {
				ALWAYS_SEARCH_USER_PATHS = NO;
				CLANG_ANALYZER_NONNULL = YES;
				CLANG_ANALYZER_NUMBER_OBJECT_CONVERSION = YES_AGGRESSIVE;
				CLANG_CXX_LANGUAGE_STANDARD = "gnu++17";
				CLANG_CXX_LIBRARY = "libc++";
				CLANG_ENABLE_MODULES = YES;
				CLANG_ENABLE_OBJC_ARC = YES;
				CLANG_ENABLE_OBJC_WEAK = YES;
				CLANG_WARN_BLOCK_CAPTURE_AUTORELEASING = YES;
				CLANG_WARN_BOOL_CONVERSION = YES;
				CLANG_WARN_COMMA = YES;
				CLANG_WARN_CONSTANT_CONVERSION = YES;
				CLANG_WARN_DEPRECATED_OBJC_IMPLEMENTATIONS = YES;
				CLANG_WARN_DIRECT_OBJC_ISA_USAGE = YES_ERROR;
				CLANG_WARN_DOCUMENTATION_COMMENTS = YES;
				CLANG_WARN_EMPTY_BODY = YES;
				CLANG_WARN_ENUM_CONVERSION = YES;
				CLANG_WARN_INFINITE_RECURSION = YES;
				CLANG_WARN_INT_CONVERSION = YES;
				CLANG_WARN_NON_LITERAL_NULL_CONVERSION = YES;
				CLANG_WARN_OBJC_IMPLICIT_RETAIN_SELF = YES;
				CLANG_WARN_OBJC_LITERAL_CONVERSION = YES;
				CLANG_WARN_OBJC_ROOT_CLASS = YES_ERROR;
				CLANG_WARN_QUOTED_INCLUDE_IN_FRAMEWORK_HEADER = YES;
				CLANG_WARN_RANGE_LOOP_ANALYSIS = YES;
				CLANG_WARN_STRICT_PROTOTYPES = YES;
				CLANG_WARN_SUSPICIOUS_MOVE = YES;
				CLANG_WARN_UNGUARDED_AVAILABILITY = YES_AGGRESSIVE;
				CLANG_WARN_UNREACHABLE_CODE = YES;
				CLANG_WARN__DUPLICATE_METHOD_MATCH = YES;
				COPY_PHASE_STRIP = NO;
				DEBUG_INFORMATION_FORMAT = "dwarf-with-dsym";
				ENABLE_NS_ASSERTIONS = NO;
				ENABLE_STRICT_OBJC_MSGSEND = YES;
				GCC_C_LANGUAGE_STANDARD = gnu11;
				GCC_NO_COMMON_BLOCKS = YES;
				GCC_WARN_64_TO_32_BIT_CONVERSION = YES;
				GCC_WARN_ABOUT_RETURN_TYPE = YES_ERROR;
				GCC_WARN_UNDECLARED_SELECTOR = YES;
				GCC_WARN_UNINITIALIZED_AUTOS = YES_AGGRESSIVE;
				GCC_WARN_UNUSED_FUNCTION = YES;
				GCC_WARN_UNUSED_VARIABLE = YES;
				IPHONEOS_DEPLOYMENT_TARGET = 15.2;
				MTL_ENABLE_DEBUG_INFO = NO;
				MTL_FAST_MATH = YES;
				SDKROOT = iphoneos;
				SWIFT_COMPILATION_MODE = wholemodule;
				SWIFT_OPTIMIZATION_LEVEL = "-O";
				VALIDATE_PRODUCT = YES;
			};
			name = Release;
		};
		56E95799276E3B7C001CFB4A /* Debug */ = {
			isa = XCBuildConfiguration;
			buildSettings = {
				ASSETCATALOG_COMPILER_APPICON_NAME = AppIcon;
				ASSETCATALOG_COMPILER_GLOBAL_ACCENT_COLOR_NAME = AccentColor;
				CODE_SIGN_STYLE = Automatic;
				CURRENT_PROJECT_VERSION = 1;
				DEVELOPMENT_TEAM = 9XMK79B8NB;
				GENERATE_INFOPLIST_FILE = YES;
				INFOPLIST_FILE = RouteTask/Info.plist;
				INFOPLIST_KEY_UIApplicationSupportsIndirectInputEvents = YES;
				INFOPLIST_KEY_UILaunchStoryboardName = LaunchScreen;
				INFOPLIST_KEY_UIMainStoryboardFile = Main;
				INFOPLIST_KEY_UISupportedInterfaceOrientations_iPad = "UIInterfaceOrientationPortrait UIInterfaceOrientationPortraitUpsideDown UIInterfaceOrientationLandscapeLeft UIInterfaceOrientationLandscapeRight";
				INFOPLIST_KEY_UISupportedInterfaceOrientations_iPhone = "UIInterfaceOrientationPortrait UIInterfaceOrientationLandscapeLeft UIInterfaceOrientationLandscapeRight";
				LD_RUNPATH_SEARCH_PATHS = (
					"$(inherited)",
					"@executable_path/Frameworks",
				);
				MARKETING_VERSION = 1.0;
				PRODUCT_BUNDLE_IDENTIFIER = ZZZ.RouteTask;
				PRODUCT_NAME = "$(TARGET_NAME)";
				SWIFT_EMIT_LOC_STRINGS = YES;
				SWIFT_VERSION = 5.0;
				TARGETED_DEVICE_FAMILY = "1,2";
			};
			name = Debug;
		};
		56E9579A276E3B7C001CFB4A /* Release */ = {
			isa = XCBuildConfiguration;
			buildSettings = {
				ASSETCATALOG_COMPILER_APPICON_NAME = AppIcon;
				ASSETCATALOG_COMPILER_GLOBAL_ACCENT_COLOR_NAME = AccentColor;
				CODE_SIGN_STYLE = Automatic;
				CURRENT_PROJECT_VERSION = 1;
				DEVELOPMENT_TEAM = 9XMK79B8NB;
				GENERATE_INFOPLIST_FILE = YES;
				INFOPLIST_FILE = RouteTask/Info.plist;
				INFOPLIST_KEY_UIApplicationSupportsIndirectInputEvents = YES;
				INFOPLIST_KEY_UILaunchStoryboardName = LaunchScreen;
				INFOPLIST_KEY_UIMainStoryboardFile = Main;
				INFOPLIST_KEY_UISupportedInterfaceOrientations_iPad = "UIInterfaceOrientationPortrait UIInterfaceOrientationPortraitUpsideDown UIInterfaceOrientationLandscapeLeft UIInterfaceOrientationLandscapeRight";
				INFOPLIST_KEY_UISupportedInterfaceOrientations_iPhone = "UIInterfaceOrientationPortrait UIInterfaceOrientationLandscapeLeft UIInterfaceOrientationLandscapeRight";
				LD_RUNPATH_SEARCH_PATHS = (
					"$(inherited)",
					"@executable_path/Frameworks",
				);
				MARKETING_VERSION = 1.0;
				PRODUCT_BUNDLE_IDENTIFIER = ZZZ.RouteTask;
				PRODUCT_NAME = "$(TARGET_NAME)";
				SWIFT_EMIT_LOC_STRINGS = YES;
				SWIFT_VERSION = 5.0;
				TARGETED_DEVICE_FAMILY = "1,2";
			};
			name = Release;
		};
		56E9579C276E3B7C001CFB4A /* Debug */ = {
			isa = XCBuildConfiguration;
			buildSettings = {
				ALWAYS_EMBED_SWIFT_STANDARD_LIBRARIES = YES;
				BUNDLE_LOADER = "$(TEST_HOST)";
				CODE_SIGN_STYLE = Automatic;
				CURRENT_PROJECT_VERSION = 1;
				DEVELOPMENT_TEAM = 9XMK79B8NB;
				GENERATE_INFOPLIST_FILE = YES;
				IPHONEOS_DEPLOYMENT_TARGET = 15.2;
				MARKETING_VERSION = 1.0;
				PRODUCT_BUNDLE_IDENTIFIER = ZZZ.RouteTaskTests;
				PRODUCT_NAME = "$(TARGET_NAME)";
				SWIFT_EMIT_LOC_STRINGS = NO;
				SWIFT_VERSION = 5.0;
				TARGETED_DEVICE_FAMILY = "1,2";
				TEST_HOST = "$(BUILT_PRODUCTS_DIR)/RouteTask.app/RouteTask";
			};
			name = Debug;
		};
		56E9579D276E3B7C001CFB4A /* Release */ = {
			isa = XCBuildConfiguration;
			buildSettings = {
				ALWAYS_EMBED_SWIFT_STANDARD_LIBRARIES = YES;
				BUNDLE_LOADER = "$(TEST_HOST)";
				CODE_SIGN_STYLE = Automatic;
				CURRENT_PROJECT_VERSION = 1;
				DEVELOPMENT_TEAM = 9XMK79B8NB;
				GENERATE_INFOPLIST_FILE = YES;
				IPHONEOS_DEPLOYMENT_TARGET = 15.2;
				MARKETING_VERSION = 1.0;
				PRODUCT_BUNDLE_IDENTIFIER = ZZZ.RouteTaskTests;
				PRODUCT_NAME = "$(TARGET_NAME)";
				SWIFT_EMIT_LOC_STRINGS = NO;
				SWIFT_VERSION = 5.0;
				TARGETED_DEVICE_FAMILY = "1,2";
				TEST_HOST = "$(BUILT_PRODUCTS_DIR)/RouteTask.app/RouteTask";
			};
			name = Release;
		};
		56E9579F276E3B7C001CFB4A /* Debug */ = {
			isa = XCBuildConfiguration;
			buildSettings = {
				ALWAYS_EMBED_SWIFT_STANDARD_LIBRARIES = YES;
				CODE_SIGN_STYLE = Automatic;
				CURRENT_PROJECT_VERSION = 1;
				DEVELOPMENT_TEAM = 9XMK79B8NB;
				GENERATE_INFOPLIST_FILE = YES;
				MARKETING_VERSION = 1.0;
				PRODUCT_BUNDLE_IDENTIFIER = ZZZ.RouteTaskUITests;
				PRODUCT_NAME = "$(TARGET_NAME)";
				SWIFT_EMIT_LOC_STRINGS = NO;
				SWIFT_VERSION = 5.0;
				TARGETED_DEVICE_FAMILY = "1,2";
				TEST_TARGET_NAME = RouteTask;
			};
			name = Debug;
		};
		56E957A0276E3B7C001CFB4A /* Release */ = {
			isa = XCBuildConfiguration;
			buildSettings = {
				ALWAYS_EMBED_SWIFT_STANDARD_LIBRARIES = YES;
				CODE_SIGN_STYLE = Automatic;
				CURRENT_PROJECT_VERSION = 1;
				DEVELOPMENT_TEAM = 9XMK79B8NB;
				GENERATE_INFOPLIST_FILE = YES;
				MARKETING_VERSION = 1.0;
				PRODUCT_BUNDLE_IDENTIFIER = ZZZ.RouteTaskUITests;
				PRODUCT_NAME = "$(TARGET_NAME)";
				SWIFT_EMIT_LOC_STRINGS = NO;
				SWIFT_VERSION = 5.0;
				TARGETED_DEVICE_FAMILY = "1,2";
				TEST_TARGET_NAME = RouteTask;
			};
			name = Release;
		};
/* End XCBuildConfiguration section */

/* Begin XCConfigurationList section */
		56E95769276E3B7A001CFB4A /* Build configuration list for PBXProject "RouteTask" */ = {
			isa = XCConfigurationList;
			buildConfigurations = (
				56E95796276E3B7C001CFB4A /* Debug */,
				56E95797276E3B7C001CFB4A /* Release */,
			);
			defaultConfigurationIsVisible = 0;
			defaultConfigurationName = Release;
		};
		56E95798276E3B7C001CFB4A /* Build configuration list for PBXNativeTarget "RouteTask" */ = {
			isa = XCConfigurationList;
			buildConfigurations = (
				56E95799276E3B7C001CFB4A /* Debug */,
				56E9579A276E3B7C001CFB4A /* Release */,
			);
			defaultConfigurationIsVisible = 0;
			defaultConfigurationName = Release;
		};
		56E9579B276E3B7C001CFB4A /* Build configuration list for PBXNativeTarget "RouteTaskTests" */ = {
			isa = XCConfigurationList;
			buildConfigurations = (
				56E9579C276E3B7C001CFB4A /* Debug */,
				56E9579D276E3B7C001CFB4A /* Release */,
			);
			defaultConfigurationIsVisible = 0;
			defaultConfigurationName = Release;
		};
		56E9579E276E3B7C001CFB4A /* Build configuration list for PBXNativeTarget "RouteTaskUITests" */ = {
			isa = XCConfigurationList;
			buildConfigurations = (
				56E9579F276E3B7C001CFB4A /* Debug */,
				56E957A0276E3B7C001CFB4A /* Release */,
			);
			defaultConfigurationIsVisible = 0;
			defaultConfigurationName = Release;
		};
/* End XCConfigurationList section */
	};
	rootObject = 56E95766276E3B7A001CFB4A /* Project object */;
}
