// !$*UTF8*$!
{
	archiveVersion = 1;
	classes = {
	};
	objectVersion = 55;
	objects = {

/* Begin PBXBuildFile section */
		565F3F8F276F1825000E67FC /* AppDelegate.swift in Sources */ = {isa = PBXBuildFile; fileRef = 565F3F8E276F1825000E67FC /* AppDelegate.swift */; };
		565F3F91276F1825000E67FC /* SceneDelegate.swift in Sources */ = {isa = PBXBuildFile; fileRef = 565F3F90276F1825000E67FC /* SceneDelegate.swift */; };
		565F3F93276F1825000E67FC /* ViewController.swift in Sources */ = {isa = PBXBuildFile; fileRef = 565F3F92276F1825000E67FC /* ViewController.swift */; };
		565F3F96276F1825000E67FC /* Main.storyboard in Resources */ = {isa = PBXBuildFile; fileRef = 565F3F94276F1825000E67FC /* Main.storyboard */; };
		565F3F98276F1827000E67FC /* Assets.xcassets in Resources */ = {isa = PBXBuildFile; fileRef = 565F3F97276F1827000E67FC /* Assets.xcassets */; };
		565F3F9B276F1827000E67FC /* LaunchScreen.storyboard in Resources */ = {isa = PBXBuildFile; fileRef = 565F3F99276F1827000E67FC /* LaunchScreen.storyboard */; };
		565F3FA6276F1827000E67FC /* RouteTaskTests.swift in Sources */ = {isa = PBXBuildFile; fileRef = 565F3FA5276F1827000E67FC /* RouteTaskTests.swift */; };
		565F3FB0276F1827000E67FC /* RouteTaskUITests.swift in Sources */ = {isa = PBXBuildFile; fileRef = 565F3FAF276F1827000E67FC /* RouteTaskUITests.swift */; };
		565F3FB2276F1827000E67FC /* RouteTaskUITestsLaunchTests.swift in Sources */ = {isa = PBXBuildFile; fileRef = 565F3FB1276F1827000E67FC /* RouteTaskUITestsLaunchTests.swift */; };
		565F3FBF276F3368000E67FC /* Alert.swift in Sources */ = {isa = PBXBuildFile; fileRef = 565F3FBE276F3368000E67FC /* Alert.swift */; };
/* End PBXBuildFile section */

/* Begin PBXContainerItemProxy section */
		565F3FA2276F1827000E67FC /* PBXContainerItemProxy */ = {
			isa = PBXContainerItemProxy;
			containerPortal = 565F3F83276F1825000E67FC /* Project object */;
			proxyType = 1;
			remoteGlobalIDString = 565F3F8A276F1825000E67FC;
			remoteInfo = RouteTask;
		};
		565F3FAC276F1827000E67FC /* PBXContainerItemProxy */ = {
			isa = PBXContainerItemProxy;
			containerPortal = 565F3F83276F1825000E67FC /* Project object */;
			proxyType = 1;
			remoteGlobalIDString = 565F3F8A276F1825000E67FC;
			remoteInfo = RouteTask;
		};
/* End PBXContainerItemProxy section */

/* Begin PBXFileReference section */
		565F3F8B276F1825000E67FC /* RouteTask.app */ = {isa = PBXFileReference; explicitFileType = wrapper.application; includeInIndex = 0; path = RouteTask.app; sourceTree = BUILT_PRODUCTS_DIR; };
		565F3F8E276F1825000E67FC /* AppDelegate.swift */ = {isa = PBXFileReference; lastKnownFileType = sourcecode.swift; path = AppDelegate.swift; sourceTree = "<group>"; };
		565F3F90276F1825000E67FC /* SceneDelegate.swift */ = {isa = PBXFileReference; lastKnownFileType = sourcecode.swift; path = SceneDelegate.swift; sourceTree = "<group>"; };
		565F3F92276F1825000E67FC /* ViewController.swift */ = {isa = PBXFileReference; lastKnownFileType = sourcecode.swift; path = ViewController.swift; sourceTree = "<group>"; };
		565F3F95276F1825000E67FC /* Base */ = {isa = PBXFileReference; lastKnownFileType = file.storyboard; name = Base; path = Base.lproj/Main.storyboard; sourceTree = "<group>"; };
		565F3F97276F1827000E67FC /* Assets.xcassets */ = {isa = PBXFileReference; lastKnownFileType = folder.assetcatalog; path = Assets.xcassets; sourceTree = "<group>"; };
		565F3F9A276F1827000E67FC /* Base */ = {isa = PBXFileReference; lastKnownFileType = file.storyboard; name = Base; path = Base.lproj/LaunchScreen.storyboard; sourceTree = "<group>"; };
		565F3F9C276F1827000E67FC /* Info.plist */ = {isa = PBXFileReference; lastKnownFileType = text.plist.xml; path = Info.plist; sourceTree = "<group>"; };
		565F3FA1276F1827000E67FC /* RouteTaskTests.xctest */ = {isa = PBXFileReference; explicitFileType = wrapper.cfbundle; includeInIndex = 0; path = RouteTaskTests.xctest; sourceTree = BUILT_PRODUCTS_DIR; };
		565F3FA5276F1827000E67FC /* RouteTaskTests.swift */ = {isa = PBXFileReference; lastKnownFileType = sourcecode.swift; path = RouteTaskTests.swift; sourceTree = "<group>"; };
		565F3FAB276F1827000E67FC /* RouteTaskUITests.xctest */ = {isa = PBXFileReference; explicitFileType = wrapper.cfbundle; includeInIndex = 0; path = RouteTaskUITests.xctest; sourceTree = BUILT_PRODUCTS_DIR; };
		565F3FAF276F1827000E67FC /* RouteTaskUITests.swift */ = {isa = PBXFileReference; lastKnownFileType = sourcecode.swift; path = RouteTaskUITests.swift; sourceTree = "<group>"; };
		565F3FB1276F1827000E67FC /* RouteTaskUITestsLaunchTests.swift */ = {isa = PBXFileReference; lastKnownFileType = sourcecode.swift; path = RouteTaskUITestsLaunchTests.swift; sourceTree = "<group>"; };
		565F3FBE276F3368000E67FC /* Alert.swift */ = {isa = PBXFileReference; lastKnownFileType = sourcecode.swift; path = Alert.swift; sourceTree = "<group>"; };
/* End PBXFileReference section */

/* Begin PBXFrameworksBuildPhase section */
		565F3F88276F1825000E67FC /* Frameworks */ = {
			isa = PBXFrameworksBuildPhase;
			buildActionMask = 2147483647;
			files = (
			);
			runOnlyForDeploymentPostprocessing = 0;
		};
		565F3F9E276F1827000E67FC /* Frameworks */ = {
			isa = PBXFrameworksBuildPhase;
			buildActionMask = 2147483647;
			files = (
			);
			runOnlyForDeploymentPostprocessing = 0;
		};
		565F3FA8276F1827000E67FC /* Frameworks */ = {
			isa = PBXFrameworksBuildPhase;
			buildActionMask = 2147483647;
			files = (
			);
			runOnlyForDeploymentPostprocessing = 0;
		};
/* End PBXFrameworksBuildPhase section */

/* Begin PBXGroup section */
		565F3F82276F1825000E67FC = {
			isa = PBXGroup;
			children = (
				565F3F8D276F1825000E67FC /* RouteTask */,
				565F3FA4276F1827000E67FC /* RouteTaskTests */,
				565F3FAE276F1827000E67FC /* RouteTaskUITests */,
				565F3F8C276F1825000E67FC /* Products */,
			);
			sourceTree = "<group>";
		};
		565F3F8C276F1825000E67FC /* Products */ = {
			isa = PBXGroup;
			children = (
				565F3F8B276F1825000E67FC /* RouteTask.app */,
				565F3FA1276F1827000E67FC /* RouteTaskTests.xctest */,
				565F3FAB276F1827000E67FC /* RouteTaskUITests.xctest */,
			);
			name = Products;
			sourceTree = "<group>";
		};
		565F3F8D276F1825000E67FC /* RouteTask */ = {
			isa = PBXGroup;
			children = (
				565F3F8E276F1825000E67FC /* AppDelegate.swift */,
				565F3F90276F1825000E67FC /* SceneDelegate.swift */,
				565F3F92276F1825000E67FC /* ViewController.swift */,
				565F3F94276F1825000E67FC /* Main.storyboard */,
				565F3F97276F1827000E67FC /* Assets.xcassets */,
				565F3F99276F1827000E67FC /* LaunchScreen.storyboard */,
				565F3F9C276F1827000E67FC /* Info.plist */,
				565F3FBE276F3368000E67FC /* Alert.swift */,
			);
			path = RouteTask;
			sourceTree = "<group>";
		};
		565F3FA4276F1827000E67FC /* RouteTaskTests */ = {
			isa = PBXGroup;
			children = (
				565F3FA5276F1827000E67FC /* RouteTaskTests.swift */,
			);
			path = RouteTaskTests;
			sourceTree = "<group>";
		};
		565F3FAE276F1827000E67FC /* RouteTaskUITests */ = {
			isa = PBXGroup;
			children = (
				565F3FAF276F1827000E67FC /* RouteTaskUITests.swift */,
				565F3FB1276F1827000E67FC /* RouteTaskUITestsLaunchTests.swift */,
			);
			path = RouteTaskUITests;
			sourceTree = "<group>";
		};
/* End PBXGroup section */

/* Begin PBXNativeTarget section */
		565F3F8A276F1825000E67FC /* RouteTask */ = {
			isa = PBXNativeTarget;
			buildConfigurationList = 565F3FB5276F1827000E67FC /* Build configuration list for PBXNativeTarget "RouteTask" */;
			buildPhases = (
				565F3F87276F1825000E67FC /* Sources */,
				565F3F88276F1825000E67FC /* Frameworks */,
				565F3F89276F1825000E67FC /* Resources */,
			);
			buildRules = (
			);
			dependencies = (
			);
			name = RouteTask;
			productName = RouteTask;
			productReference = 565F3F8B276F1825000E67FC /* RouteTask.app */;
			productType = "com.apple.product-type.application";
		};
		565F3FA0276F1827000E67FC /* RouteTaskTests */ = {
			isa = PBXNativeTarget;
			buildConfigurationList = 565F3FB8276F1827000E67FC /* Build configuration list for PBXNativeTarget "RouteTaskTests" */;
			buildPhases = (
				565F3F9D276F1827000E67FC /* Sources */,
				565F3F9E276F1827000E67FC /* Frameworks */,
				565F3F9F276F1827000E67FC /* Resources */,
			);
			buildRules = (
			);
			dependencies = (
				565F3FA3276F1827000E67FC /* PBXTargetDependency */,
			);
			name = RouteTaskTests;
			productName = RouteTaskTests;
			productReference = 565F3FA1276F1827000E67FC /* RouteTaskTests.xctest */;
			productType = "com.apple.product-type.bundle.unit-test";
		};
		565F3FAA276F1827000E67FC /* RouteTaskUITests */ = {
			isa = PBXNativeTarget;
			buildConfigurationList = 565F3FBB276F1827000E67FC /* Build configuration list for PBXNativeTarget "RouteTaskUITests" */;
			buildPhases = (
				565F3FA7276F1827000E67FC /* Sources */,
				565F3FA8276F1827000E67FC /* Frameworks */,
				565F3FA9276F1827000E67FC /* Resources */,
			);
			buildRules = (
			);
			dependencies = (
				565F3FAD276F1827000E67FC /* PBXTargetDependency */,
			);
			name = RouteTaskUITests;
			productName = RouteTaskUITests;
			productReference = 565F3FAB276F1827000E67FC /* RouteTaskUITests.xctest */;
			productType = "com.apple.product-type.bundle.ui-testing";
		};
/* End PBXNativeTarget section */

/* Begin PBXProject section */
		565F3F83276F1825000E67FC /* Project object */ = {
			isa = PBXProject;
			attributes = {
				BuildIndependentTargetsInParallel = 1;
				LastSwiftUpdateCheck = 1320;
				LastUpgradeCheck = 1320;
				TargetAttributes = {
					565F3F8A276F1825000E67FC = {
						CreatedOnToolsVersion = 13.2.1;
					};
					565F3FA0276F1827000E67FC = {
						CreatedOnToolsVersion = 13.2.1;
						TestTargetID = 565F3F8A276F1825000E67FC;
					};
					565F3FAA276F1827000E67FC = {
						CreatedOnToolsVersion = 13.2.1;
						TestTargetID = 565F3F8A276F1825000E67FC;
					};
				};
			};
			buildConfigurationList = 565F3F86276F1825000E67FC /* Build configuration list for PBXProject "RouteTask" */;
			compatibilityVersion = "Xcode 13.0";
			developmentRegion = en;
			hasScannedForEncodings = 0;
			knownRegions = (
				en,
				Base,
			);
			mainGroup = 565F3F82276F1825000E67FC;
			productRefGroup = 565F3F8C276F1825000E67FC /* Products */;
			projectDirPath = "";
			projectRoot = "";
			targets = (
				565F3F8A276F1825000E67FC /* RouteTask */,
				565F3FA0276F1827000E67FC /* RouteTaskTests */,
				565F3FAA276F1827000E67FC /* RouteTaskUITests */,
			);
		};
/* End PBXProject section */

/* Begin PBXResourcesBuildPhase section */
		565F3F89276F1825000E67FC /* Resources */ = {
			isa = PBXResourcesBuildPhase;
			buildActionMask = 2147483647;
			files = (
				565F3F9B276F1827000E67FC /* LaunchScreen.storyboard in Resources */,
				565F3F98276F1827000E67FC /* Assets.xcassets in Resources */,
				565F3F96276F1825000E67FC /* Main.storyboard in Resources */,
			);
			runOnlyForDeploymentPostprocessing = 0;
		};
		565F3F9F276F1827000E67FC /* Resources */ = {
			isa = PBXResourcesBuildPhase;
			buildActionMask = 2147483647;
			files = (
			);
			runOnlyForDeploymentPostprocessing = 0;
		};
		565F3FA9276F1827000E67FC /* Resources */ = {
			isa = PBXResourcesBuildPhase;
			buildActionMask = 2147483647;
			files = (
			);
			runOnlyForDeploymentPostprocessing = 0;
		};
/* End PBXResourcesBuildPhase section */

/* Begin PBXSourcesBuildPhase section */
		565F3F87276F1825000E67FC /* Sources */ = {
			isa = PBXSourcesBuildPhase;
			buildActionMask = 2147483647;
			files = (
				565F3F93276F1825000E67FC /* ViewController.swift in Sources */,
				565F3F8F276F1825000E67FC /* AppDelegate.swift in Sources */,
				565F3FBF276F3368000E67FC /* Alert.swift in Sources */,
				565F3F91276F1825000E67FC /* SceneDelegate.swift in Sources */,
			);
			runOnlyForDeploymentPostprocessing = 0;
		};
		565F3F9D276F1827000E67FC /* Sources */ = {
			isa = PBXSourcesBuildPhase;
			buildActionMask = 2147483647;
			files = (
				565F3FA6276F1827000E67FC /* RouteTaskTests.swift in Sources */,
			);
			runOnlyForDeploymentPostprocessing = 0;
		};
		565F3FA7276F1827000E67FC /* Sources */ = {
			isa = PBXSourcesBuildPhase;
			buildActionMask = 2147483647;
			files = (
				565F3FB0276F1827000E67FC /* RouteTaskUITests.swift in Sources */,
				565F3FB2276F1827000E67FC /* RouteTaskUITestsLaunchTests.swift in Sources */,
			);
			runOnlyForDeploymentPostprocessing = 0;
		};
/* End PBXSourcesBuildPhase section */

/* Begin PBXTargetDependency section */
		565F3FA3276F1827000E67FC /* PBXTargetDependency */ = {
			isa = PBXTargetDependency;
			target = 565F3F8A276F1825000E67FC /* RouteTask */;
			targetProxy = 565F3FA2276F1827000E67FC /* PBXContainerItemProxy */;
		};
		565F3FAD276F1827000E67FC /* PBXTargetDependency */ = {
			isa = PBXTargetDependency;
			target = 565F3F8A276F1825000E67FC /* RouteTask */;
			targetProxy = 565F3FAC276F1827000E67FC /* PBXContainerItemProxy */;
		};
/* End PBXTargetDependency section */

/* Begin PBXVariantGroup section */
		565F3F94276F1825000E67FC /* Main.storyboard */ = {
			isa = PBXVariantGroup;
			children = (
				565F3F95276F1825000E67FC /* Base */,
			);
			name = Main.storyboard;
			sourceTree = "<group>";
		};
		565F3F99276F1827000E67FC /* LaunchScreen.storyboard */ = {
			isa = PBXVariantGroup;
			children = (
				565F3F9A276F1827000E67FC /* Base */,
			);
			name = LaunchScreen.storyboard;
			sourceTree = "<group>";
		};
/* End PBXVariantGroup section */

/* Begin XCBuildConfiguration section */
		565F3FB3276F1827000E67FC /* Debug */ = {
			isa = XCBuildConfiguration;
			buildSettings = {
				ALWAYS_SEARCH_USER_PATHS = NO;
				CLANG_ANALYZER_NONNULL = YES;
				CLANG_ANALYZER_NUMBER_OBJECT_CONVERSION = YES_AGGRESSIVE;
				CLANG_CXX_LANGUAGE_STANDARD = "gnu++17";
				CLANG_CXX_LIBRARY = "libc++";
				CLANG_ENABLE_MODULES = YES;
				CLANG_ENABLE_OBJC_ARC = YES;
				CLANG_ENABLE_OBJC_WEAK = YES;
				CLANG_WARN_BLOCK_CAPTURE_AUTORELEASING = YES;
				CLANG_WARN_BOOL_CONVERSION = YES;
				CLANG_WARN_COMMA = YES;
				CLANG_WARN_CONSTANT_CONVERSION = YES;
				CLANG_WARN_DEPRECATED_OBJC_IMPLEMENTATIONS = YES;
				CLANG_WARN_DIRECT_OBJC_ISA_USAGE = YES_ERROR;
				CLANG_WARN_DOCUMENTATION_COMMENTS = YES;
				CLANG_WARN_EMPTY_BODY = YES;
				CLANG_WARN_ENUM_CONVERSION = YES;
				CLANG_WARN_INFINITE_RECURSION = YES;
				CLANG_WARN_INT_CONVERSION = YES;
				CLANG_WARN_NON_LITERAL_NULL_CONVERSION = YES;
				CLANG_WARN_OBJC_IMPLICIT_RETAIN_SELF = YES;
				CLANG_WARN_OBJC_LITERAL_CONVERSION = YES;
				CLANG_WARN_OBJC_ROOT_CLASS = YES_ERROR;
				CLANG_WARN_QUOTED_INCLUDE_IN_FRAMEWORK_HEADER = YES;
				CLANG_WARN_RANGE_LOOP_ANALYSIS = YES;
				CLANG_WARN_STRICT_PROTOTYPES = YES;
				CLANG_WARN_SUSPICIOUS_MOVE = YES;
				CLANG_WARN_UNGUARDED_AVAILABILITY = YES_AGGRESSIVE;
				CLANG_WARN_UNREACHABLE_CODE = YES;
				CLANG_WARN__DUPLICATE_METHOD_MATCH = YES;
				COPY_PHASE_STRIP = NO;
				DEBUG_INFORMATION_FORMAT = dwarf;
				ENABLE_STRICT_OBJC_MSGSEND = YES;
				ENABLE_TESTABILITY = YES;
				GCC_C_LANGUAGE_STANDARD = gnu11;
				GCC_DYNAMIC_NO_PIC = NO;
				GCC_NO_COMMON_BLOCKS = YES;
				GCC_OPTIMIZATION_LEVEL = 0;
				GCC_PREPROCESSOR_DEFINITIONS = (
					"DEBUG=1",
					"$(inherited)",
				);
				GCC_WARN_64_TO_32_BIT_CONVERSION = YES;
				GCC_WARN_ABOUT_RETURN_TYPE = YES_ERROR;
				GCC_WARN_UNDECLARED_SELECTOR = YES;
				GCC_WARN_UNINITIALIZED_AUTOS = YES_AGGRESSIVE;
				GCC_WARN_UNUSED_FUNCTION = YES;
				GCC_WARN_UNUSED_VARIABLE = YES;
				IPHONEOS_DEPLOYMENT_TARGET = 15.2;
				MTL_ENABLE_DEBUG_INFO = INCLUDE_SOURCE;
				MTL_FAST_MATH = YES;
				ONLY_ACTIVE_ARCH = YES;
				SDKROOT = iphoneos;
				SWIFT_ACTIVE_COMPILATION_CONDITIONS = DEBUG;
				SWIFT_OPTIMIZATION_LEVEL = "-Onone";
			};
			name = Debug;
		};
		565F3FB4276F1827000E67FC /* Release */ = {
			isa = XCBuildConfiguration;
			buildSettings = {
				ALWAYS_SEARCH_USER_PATHS = NO;
				CLANG_ANALYZER_NONNULL = YES;
				CLANG_ANALYZER_NUMBER_OBJECT_CONVERSION = YES_AGGRESSIVE;
				CLANG_CXX_LANGUAGE_STANDARD = "gnu++17";
				CLANG_CXX_LIBRARY = "libc++";
				CLANG_ENABLE_MODULES = YES;
				CLANG_ENABLE_OBJC_ARC = YES;
				CLANG_ENABLE_OBJC_WEAK = YES;
				CLANG_WARN_BLOCK_CAPTURE_AUTORELEASING = YES;
				CLANG_WARN_BOOL_CONVERSION = YES;
				CLANG_WARN_COMMA = YES;
				CLANG_WARN_CONSTANT_CONVERSION = YES;
				CLANG_WARN_DEPRECATED_OBJC_IMPLEMENTATIONS = YES;
				CLANG_WARN_DIRECT_OBJC_ISA_USAGE = YES_ERROR;
				CLANG_WARN_DOCUMENTATION_COMMENTS = YES;
				CLANG_WARN_EMPTY_BODY = YES;
				CLANG_WARN_ENUM_CONVERSION = YES;
				CLANG_WARN_INFINITE_RECURSION = YES;
				CLANG_WARN_INT_CONVERSION = YES;
				CLANG_WARN_NON_LITERAL_NULL_CONVERSION = YES;
				CLANG_WARN_OBJC_IMPLICIT_RETAIN_SELF = YES;
				CLANG_WARN_OBJC_LITERAL_CONVERSION = YES;
				CLANG_WARN_OBJC_ROOT_CLASS = YES_ERROR;
				CLANG_WARN_QUOTED_INCLUDE_IN_FRAMEWORK_HEADER = YES;
				CLANG_WARN_RANGE_LOOP_ANALYSIS = YES;
				CLANG_WARN_STRICT_PROTOTYPES = YES;
				CLANG_WARN_SUSPICIOUS_MOVE = YES;
				CLANG_WARN_UNGUARDED_AVAILABILITY = YES_AGGRESSIVE;
				CLANG_WARN_UNREACHABLE_CODE = YES;
				CLANG_WARN__DUPLICATE_METHOD_MATCH = YES;
				COPY_PHASE_STRIP = NO;
				DEBUG_INFORMATION_FORMAT = "dwarf-with-dsym";
				ENABLE_NS_ASSERTIONS = NO;
				ENABLE_STRICT_OBJC_MSGSEND = YES;
				GCC_C_LANGUAGE_STANDARD = gnu11;
				GCC_NO_COMMON_BLOCKS = YES;
				GCC_WARN_64_TO_32_BIT_CONVERSION = YES;
				GCC_WARN_ABOUT_RETURN_TYPE = YES_ERROR;
				GCC_WARN_UNDECLARED_SELECTOR = YES;
				GCC_WARN_UNINITIALIZED_AUTOS = YES_AGGRESSIVE;
				GCC_WARN_UNUSED_FUNCTION = YES;
				GCC_WARN_UNUSED_VARIABLE = YES;
				IPHONEOS_DEPLOYMENT_TARGET = 15.2;
				MTL_ENABLE_DEBUG_INFO = NO;
				MTL_FAST_MATH = YES;
				SDKROOT = iphoneos;
				SWIFT_COMPILATION_MODE = wholemodule;
				SWIFT_OPTIMIZATION_LEVEL = "-O";
				VALIDATE_PRODUCT = YES;
			};
			name = Release;
		};
		565F3FB6276F1827000E67FC /* Debug */ = {
			isa = XCBuildConfiguration;
			buildSettings = {
				ASSETCATALOG_COMPILER_APPICON_NAME = AppIcon;
				ASSETCATALOG_COMPILER_GLOBAL_ACCENT_COLOR_NAME = AccentColor;
				CODE_SIGN_STYLE = Automatic;
				CURRENT_PROJECT_VERSION = 1;
				DEVELOPMENT_TEAM = 9XMK79B8NB;
				GENERATE_INFOPLIST_FILE = YES;
				INFOPLIST_FILE = RouteTask/Info.plist;
				INFOPLIST_KEY_UIApplicationSupportsIndirectInputEvents = YES;
				INFOPLIST_KEY_UILaunchStoryboardName = LaunchScreen;
				INFOPLIST_KEY_UIMainStoryboardFile = Main;
				INFOPLIST_KEY_UISupportedInterfaceOrientations_iPad = "UIInterfaceOrientationPortrait UIInterfaceOrientationPortraitUpsideDown UIInterfaceOrientationLandscapeLeft UIInterfaceOrientationLandscapeRight";
				INFOPLIST_KEY_UISupportedInterfaceOrientations_iPhone = "UIInterfaceOrientationPortrait UIInterfaceOrientationLandscapeLeft UIInterfaceOrientationLandscapeRight";
				LD_RUNPATH_SEARCH_PATHS = (
					"$(inherited)",
					"@executable_path/Frameworks",
				);
				MARKETING_VERSION = 1.0;
				PRODUCT_BUNDLE_IDENTIFIER = ZZZ.RouteTask;
				PRODUCT_NAME = "$(TARGET_NAME)";
				SWIFT_EMIT_LOC_STRINGS = YES;
				SWIFT_VERSION = 5.0;
				TARGETED_DEVICE_FAMILY = "1,2";
			};
			name = Debug;
		};
		565F3FB7276F1827000E67FC /* Release */ = {
			isa = XCBuildConfiguration;
			buildSettings = {
				ASSETCATALOG_COMPILER_APPICON_NAME = AppIcon;
				ASSETCATALOG_COMPILER_GLOBAL_ACCENT_COLOR_NAME = AccentColor;
				CODE_SIGN_STYLE = Automatic;
				CURRENT_PROJECT_VERSION = 1;
				DEVELOPMENT_TEAM = 9XMK79B8NB;
				GENERATE_INFOPLIST_FILE = YES;
				INFOPLIST_FILE = RouteTask/Info.plist;
				INFOPLIST_KEY_UIApplicationSupportsIndirectInputEvents = YES;
				INFOPLIST_KEY_UILaunchStoryboardName = LaunchScreen;
				INFOPLIST_KEY_UIMainStoryboardFile = Main;
				INFOPLIST_KEY_UISupportedInterfaceOrientations_iPad = "UIInterfaceOrientationPortrait UIInterfaceOrientationPortraitUpsideDown UIInterfaceOrientationLandscapeLeft UIInterfaceOrientationLandscapeRight";
				INFOPLIST_KEY_UISupportedInterfaceOrientations_iPhone = "UIInterfaceOrientationPortrait UIInterfaceOrientationLandscapeLeft UIInterfaceOrientationLandscapeRight";
				LD_RUNPATH_SEARCH_PATHS = (
					"$(inherited)",
					"@executable_path/Frameworks",
				);
				MARKETING_VERSION = 1.0;
				PRODUCT_BUNDLE_IDENTIFIER = ZZZ.RouteTask;
				PRODUCT_NAME = "$(TARGET_NAME)";
				SWIFT_EMIT_LOC_STRINGS = YES;
				SWIFT_VERSION = 5.0;
				TARGETED_DEVICE_FAMILY = "1,2";
			};
			name = Release;
		};
		565F3FB9276F1827000E67FC /* Debug */ = {
			isa = XCBuildConfiguration;
			buildSettings = {
				ALWAYS_EMBED_SWIFT_STANDARD_LIBRARIES = YES;
				BUNDLE_LOADER = "$(TEST_HOST)";
				CODE_SIGN_STYLE = Automatic;
				CURRENT_PROJECT_VERSION = 1;
				DEVELOPMENT_TEAM = 9XMK79B8NB;
				GENERATE_INFOPLIST_FILE = YES;
				IPHONEOS_DEPLOYMENT_TARGET = 15.2;
				MARKETING_VERSION = 1.0;
				PRODUCT_BUNDLE_IDENTIFIER = ZZZ.RouteTaskTests;
				PRODUCT_NAME = "$(TARGET_NAME)";
				SWIFT_EMIT_LOC_STRINGS = NO;
				SWIFT_VERSION = 5.0;
				TARGETED_DEVICE_FAMILY = "1,2";
				TEST_HOST = "$(BUILT_PRODUCTS_DIR)/RouteTask.app/RouteTask";
			};
			name = Debug;
		};
		565F3FBA276F1827000E67FC /* Release */ = {
			isa = XCBuildConfiguration;
			buildSettings = {
				ALWAYS_EMBED_SWIFT_STANDARD_LIBRARIES = YES;
				BUNDLE_LOADER = "$(TEST_HOST)";
				CODE_SIGN_STYLE = Automatic;
				CURRENT_PROJECT_VERSION = 1;
				DEVELOPMENT_TEAM = 9XMK79B8NB;
				GENERATE_INFOPLIST_FILE = YES;
				IPHONEOS_DEPLOYMENT_TARGET = 15.2;
				MARKETING_VERSION = 1.0;
				PRODUCT_BUNDLE_IDENTIFIER = ZZZ.RouteTaskTests;
				PRODUCT_NAME = "$(TARGET_NAME)";
				SWIFT_EMIT_LOC_STRINGS = NO;
				SWIFT_VERSION = 5.0;
				TARGETED_DEVICE_FAMILY = "1,2";
				TEST_HOST = "$(BUILT_PRODUCTS_DIR)/RouteTask.app/RouteTask";
			};
			name = Release;
		};
		565F3FBC276F1827000E67FC /* Debug */ = {
			isa = XCBuildConfiguration;
			buildSettings = {
				ALWAYS_EMBED_SWIFT_STANDARD_LIBRARIES = YES;
				CODE_SIGN_STYLE = Automatic;
				CURRENT_PROJECT_VERSION = 1;
				DEVELOPMENT_TEAM = 9XMK79B8NB;
				GENERATE_INFOPLIST_FILE = YES;
				MARKETING_VERSION = 1.0;
				PRODUCT_BUNDLE_IDENTIFIER = ZZZ.RouteTaskUITests;
				PRODUCT_NAME = "$(TARGET_NAME)";
				SWIFT_EMIT_LOC_STRINGS = NO;
				SWIFT_VERSION = 5.0;
				TARGETED_DEVICE_FAMILY = "1,2";
				TEST_TARGET_NAME = RouteTask;
			};
			name = Debug;
		};
		565F3FBD276F1827000E67FC /* Release */ = {
			isa = XCBuildConfiguration;
			buildSettings = {
				ALWAYS_EMBED_SWIFT_STANDARD_LIBRARIES = YES;
				CODE_SIGN_STYLE = Automatic;
				CURRENT_PROJECT_VERSION = 1;
				DEVELOPMENT_TEAM = 9XMK79B8NB;
				GENERATE_INFOPLIST_FILE = YES;
				MARKETING_VERSION = 1.0;
				PRODUCT_BUNDLE_IDENTIFIER = ZZZ.RouteTaskUITests;
				PRODUCT_NAME = "$(TARGET_NAME)";
				SWIFT_EMIT_LOC_STRINGS = NO;
				SWIFT_VERSION = 5.0;
				TARGETED_DEVICE_FAMILY = "1,2";
				TEST_TARGET_NAME = RouteTask;
			};
			name = Release;
		};
/* End XCBuildConfiguration section */

/* Begin XCConfigurationList section */
		565F3F86276F1825000E67FC /* Build configuration list for PBXProject "RouteTask" */ = {
			isa = XCConfigurationList;
			buildConfigurations = (
				565F3FB3276F1827000E67FC /* Debug */,
				565F3FB4276F1827000E67FC /* Release */,
			);
			defaultConfigurationIsVisible = 0;
			defaultConfigurationName = Release;
		};
		565F3FB5276F1827000E67FC /* Build configuration list for PBXNativeTarget "RouteTask" */ = {
			isa = XCConfigurationList;
			buildConfigurations = (
				565F3FB6276F1827000E67FC /* Debug */,
				565F3FB7276F1827000E67FC /* Release */,
			);
			defaultConfigurationIsVisible = 0;
			defaultConfigurationName = Release;
		};
		565F3FB8276F1827000E67FC /* Build configuration list for PBXNativeTarget "RouteTaskTests" */ = {
			isa = XCConfigurationList;
			buildConfigurations = (
				565F3FB9276F1827000E67FC /* Debug */,
				565F3FBA276F1827000E67FC /* Release */,
			);
			defaultConfigurationIsVisible = 0;
			defaultConfigurationName = Release;
		};
		565F3FBB276F1827000E67FC /* Build configuration list for PBXNativeTarget "RouteTaskUITests" */ = {
			isa = XCConfigurationList;
			buildConfigurations = (
				565F3FBC276F1827000E67FC /* Debug */,
				565F3FBD276F1827000E67FC /* Release */,
			);
			defaultConfigurationIsVisible = 0;
			defaultConfigurationName = Release;
		};
/* End XCConfigurationList section */
	};
	rootObject = 565F3F83276F1825000E67FC /* Project object */;
}
